
Microsoft Visual Studio Solution File, Format Version 12.00
# Visual Studio Version 16
VisualStudioVersion = 16.0.31424.327
MinimumVisualStudioVersion = 10.0.40219.1
Project("{FAE04EC0-301F-11D3-BF4B-00C04F79EFBC}") = "Resturant Booking", "Resturant Booking\Resturant Booking.csproj", "{719FDED2-E472-4AD2-8362-9B0EC7D54E1D}"
EndProject
Global
	GlobalSection(SolutionConfigurationPlatforms) = preSolution
		Debug|Any CPU = Debug|Any CPU
		Release|Any CPU = Release|Any CPU
	EndGlobalSection
	GlobalSection(ProjectConfigurationPlatforms) = postSolution
		{719FDED2-E472-4AD2-8362-9B0EC7D54E1D}.Debug|Any CPU.ActiveCfg = Debug|Any CPU
		{719FDED2-E472-4AD2-8362-9B0EC7D54E1D}.Debug|Any CPU.Build.0 = Debug|Any CPU
		{719FDED2-E472-4AD2-8362-9B0EC7D54E1D}.Release|Any CPU.ActiveCfg = Release|Any CPU
		{719FDED2-E472-4AD2-8362-9B0EC7D54E1D}.Release|Any CPU.Build.0 = Release|Any CPU
	EndGlobalSection
	GlobalSection(SolutionProperties) = preSolution
		HideSolutionNode = FALSE
	EndGlobalSection
	GlobalSection(ExtensibilityGlobals) = postSolution
		SolutionGuid = {139F6CA2-F95A-4A4E-991F-9C3FE15B815F}
	EndGlobalSection
EndGlobal
